{
  "version": 4,
  "terraform_version": "0.14.11",
  "serial": 93,
  "lineage": "6aff36e4-70a1-bcb8-70b4-b049314f69c7",
  "outputs": {},
  "resources": [
    {
      "mode": "managed",
      "type": "openstack_networking_network_v2",
      "name": "network_tf",
      "provider": "provider[\"registry.terraform.io/terraform-provider-openstack/openstack\"]",
      "instances": [
        {
          "schema_version": 0,
          "attributes": {
            "admin_state_up": true,
            "all_tags": [],
            "availability_zone_hints": [],
            "description": "",
            "dns_domain": "",
            "external": false,
            "id": "3f0b0491-73ee-4b7e-a0a3-2c723f1f54f5",
            "mtu": 1500,
            "name": "network_tf",
            "port_security_enabled": true,
            "qos_policy_id": "",
            "region": "ru-1",
            "segments": [],
            "shared": false,
            "tags": null,
            "tenant_id": "82bbca894b604f75a96b91cf74b4688d",
            "timeouts": null,
            "transparent_vlan": false,
            "value_specs": null
          },
          "sensitive_attributes": [],
          "private": "eyJlMmJmYjczMC1lY2FhLTExZTYtOGY4OC0zNDM2M2JjN2M0YzAiOnsiY3JlYXRlIjo2MDAwMDAwMDAwMDAsImRlbGV0ZSI6NjAwMDAwMDAwMDAwfX0="
        }
      ]
    },
    {
      "mode": "managed",
      "type": "openstack_networking_subnet_v2",
      "name": "subnet_tf",
      "provider": "provider[\"registry.terraform.io/terraform-provider-openstack/openstack\"]",
      "instances": [
        {
          "schema_version": 0,
          "attributes": {
            "all_tags": [],
            "allocation_pool": [
              {
                "end": "10.10.0.254",
                "start": "10.10.0.2"
              }
            ],
            "allocation_pools": [
              {
                "end": "10.10.0.254",
                "start": "10.10.0.2"
              }
            ],
            "cidr": "10.10.0.0/24",
            "description": "",
            "dns_nameservers": [
              "188.93.16.19",
              "188.93.17.19"
            ],
            "enable_dhcp": false,
            "gateway_ip": "10.10.0.1",
            "host_routes": [],
            "id": "c247e68f-0636-473b-b24d-6e886b9c4502",
            "ip_version": 4,
            "ipv6_address_mode": "",
            "ipv6_ra_mode": "",
            "name": "subnet_tf",
            "network_id": "3f0b0491-73ee-4b7e-a0a3-2c723f1f54f5",
            "no_gateway": false,
            "prefix_length": null,
            "region": "ru-1",
            "subnetpool_id": "",
            "tags": null,
            "tenant_id": "82bbca894b604f75a96b91cf74b4688d",
            "timeouts": null,
            "value_specs": null
          },
          "sensitive_attributes": []
        }
      ]
    }
  ]
}
